// !$*UTF8*$!
{
	archiveVersion = 1;
	classes = {
	};
	objectVersion = 77;
	objects = {

/* Begin PBXContainerItemProxy section */
		D7BA4F9B2DCC4B9800EDE8B7 /* PBXContainerItemProxy */ = {
			isa = PBXContainerItemProxy;
			containerPortal = D7BA4F852DCC4B9700EDE8B7 /* Project object */;
			proxyType = 1;
			remoteGlobalIDString = D7BA4F8C2DCC4B9700EDE8B7;
			remoteInfo = Derend;
		};
		D7BA4FA52DCC4B9800EDE8B7 /* PBXContainerItemProxy */ = {
			isa = PBXContainerItemProxy;
			containerPortal = D7BA4F852DCC4B9700EDE8B7 /* Project object */;
			proxyType = 1;
			remoteGlobalIDString = D7BA4F8C2DCC4B9700EDE8B7;
			remoteInfo = Derend;
		};
/* End PBXContainerItemProxy section */

/* Begin PBXFileReference section */
		D7BA4F8D2DCC4B9700EDE8B7 /* Derend.app */ = {isa = PBXFileReference; explicitFileType = wrapper.application; includeInIndex = 0; path = Derend.app; sourceTree = BUILT_PRODUCTS_DIR; };
		D7BA4F9A2DCC4B9800EDE8B7 /* DerendTests.xctest */ = {isa = PBXFileReference; explicitFileType = wrapper.cfbundle; includeInIndex = 0; path = DerendTests.xctest; sourceTree = BUILT_PRODUCTS_DIR; };
		D7BA4FA42DCC4B9800EDE8B7 /* DerendUITests.xctest */ = {isa = PBXFileReference; explicitFileType = wrapper.cfbundle; includeInIndex = 0; path = DerendUITests.xctest; sourceTree = BUILT_PRODUCTS_DIR; };
/* End PBXFileReference section */

/* Begin PBXFileSystemSynchronizedRootGroup section */
		D7BA4F8F2DCC4B9700EDE8B7 /* Derend */ = {
			isa = PBXFileSystemSynchronizedRootGroup;
			path = Derend;
			sourceTree = "<group>";
		};
		D7BA4F9D2DCC4B9800EDE8B7 /* DerendTests */ = {
			isa = PBXFileSystemSynchronizedRootGroup;
			path = DerendTests;
			sourceTree = "<group>";
		};
		D7BA4FA72DCC4B9800EDE8B7 /* DerendUITests */ = {
			isa = PBXFileSystemSynchronizedRootGroup;
			path = DerendUITests;
			sourceTree = "<group>";
		};
/* End PBXFileSystemSynchronizedRootGroup section */

/* Begin PBXFrameworksBuildPhase section */
		D7BA4F8A2DCC4B9700EDE8B7 /* Frameworks */ = {
			isa = PBXFrameworksBuildPhase;
			buildActionMask = 2147483647;
			files = (
			);
			runOnlyForDeploymentPostprocessing = 0;
		};
		D7BA4F972DCC4B9800EDE8B7 /* Frameworks */ = {
			isa = PBXFrameworksBuildPhase;
			buildActionMask = 2147483647;
			files = (
			);
			runOnlyForDeploymentPostprocessing = 0;
		};
		D7BA4FA12DCC4B9800EDE8B7 /* Frameworks */ = {
			isa = PBXFrameworksBuildPhase;
			buildActionMask = 2147483647;
			files = (
			);
			runOnlyForDeploymentPostprocessing = 0;
		};
/* End PBXFrameworksBuildPhase section */

/* Begin PBXGroup section */
		D7BA4F842DCC4B9700EDE8B7 = {
			isa = PBXGroup;
			children = (
				D7BA4F8F2DCC4B9700EDE8B7 /* Derend */,
				D7BA4F9D2DCC4B9800EDE8B7 /* DerendTests */,
				D7BA4FA72DCC4B9800EDE8B7 /* DerendUITests */,
				D7BA4F8E2DCC4B9700EDE8B7 /* Products */,
			);
			sourceTree = "<group>";
		};
		D7BA4F8E2DCC4B9700EDE8B7 /* Products */ = {
			isa = PBXGroup;
			children = (
				D7BA4F8D2DCC4B9700EDE8B7 /* Derend.app */,
				D7BA4F9A2DCC4B9800EDE8B7 /* DerendTests.xctest */,
				D7BA4FA42DCC4B9800EDE8B7 /* DerendUITests.xctest */,
			);
			name = Products;
			sourceTree = "<group>";
		};
/* End PBXGroup section */

/* Begin PBXNativeTarget section */
		D7BA4F8C2DCC4B9700EDE8B7 /* Derend */ = {
			isa = PBXNativeTarget;
			buildConfigurationList = D7BA4FAE2DCC4B9800EDE8B7 /* Build configuration list for PBXNativeTarget "Derend" */;
			buildPhases = (
				D7BA4F892DCC4B9700EDE8B7 /* Sources */,
				D7BA4F8A2DCC4B9700EDE8B7 /* Frameworks */,
				D7BA4F8B2DCC4B9700EDE8B7 /* Resources */,
			);
			buildRules = (
			);
			dependencies = (
			);
			fileSystemSynchronizedGroups = (
				D7BA4F8F2DCC4B9700EDE8B7 /* Derend */,
			);
			name = Derend;
			packageProductDependencies = (
			);
			productName = Derend;
			productReference = D7BA4F8D2DCC4B9700EDE8B7 /* Derend.app */;
			productType = "com.apple.product-type.application";
		};
		D7BA4F992DCC4B9800EDE8B7 /* DerendTests */ = {
			isa = PBXNativeTarget;
			buildConfigurationList = D7BA4FB12DCC4B9800EDE8B7 /* Build configuration list for PBXNativeTarget "DerendTests" */;
			buildPhases = (
				D7BA4F962DCC4B9800EDE8B7 /* Sources */,
				D7BA4F972DCC4B9800EDE8B7 /* Frameworks */,
				D7BA4F982DCC4B9800EDE8B7 /* Resources */,
			);
			buildRules = (
			);
			dependencies = (
				D7BA4F9C2DCC4B9800EDE8B7 /* PBXTargetDependency */,
			);
			fileSystemSynchronizedGroups = (
				D7BA4F9D2DCC4B9800EDE8B7 /* DerendTests */,
			);
			name = DerendTests;
			packageProductDependencies = (
			);
			productName = DerendTests;
			productReference = D7BA4F9A2DCC4B9800EDE8B7 /* DerendTests.xctest */;
			productType = "com.apple.product-type.bundle.unit-test";
		};
		D7BA4FA32DCC4B9800EDE8B7 /* DerendUITests */ = {
			isa = PBXNativeTarget;
			buildConfigurationList = D7BA4FB42DCC4B9800EDE8B7 /* Build configuration list for PBXNativeTarget "DerendUITests" */;
			buildPhases = (
				D7BA4FA02DCC4B9800EDE8B7 /* Sources */,
				D7BA4FA12DCC4B9800EDE8B7 /* Frameworks */,
				D7BA4FA22DCC4B9800EDE8B7 /* Resources */,
			);
			buildRules = (
			);
			dependencies = (
				D7BA4FA62DCC4B9800EDE8B7 /* PBXTargetDependency */,
			);
			fileSystemSynchronizedGroups = (
				D7BA4FA72DCC4B9800EDE8B7 /* DerendUITests */,
			);
			name = DerendUITests;
			packageProductDependencies = (
			);
			productName = DerendUITests;
			productReference = D7BA4FA42DCC4B9800EDE8B7 /* DerendUITests.xctest */;
			productType = "com.apple.product-type.bundle.ui-testing";
		};
/* End PBXNativeTarget section */

/* Begin PBXProject section */
		D7BA4F852DCC4B9700EDE8B7 /* Project object */ = {
			isa = PBXProject;
			attributes = {
				BuildIndependentTargetsInParallel = 1;
				LastSwiftUpdateCheck = 1630;
				LastUpgradeCheck = 1630;
				TargetAttributes = {
					D7BA4F8C2DCC4B9700EDE8B7 = {
						CreatedOnToolsVersion = 16.3;
					};
					D7BA4F992DCC4B9800EDE8B7 = {
						CreatedOnToolsVersion = 16.3;
						TestTargetID = D7BA4F8C2DCC4B9700EDE8B7;
					};
					D7BA4FA32DCC4B9800EDE8B7 = {
						CreatedOnToolsVersion = 16.3;
						TestTargetID = D7BA4F8C2DCC4B9700EDE8B7;
					};
				};
			};
			buildConfigurationList = D7BA4F882DCC4B9700EDE8B7 /* Build configuration list for PBXProject "Derend" */;
			developmentRegion = en;
			hasScannedForEncodings = 0;
			knownRegions = (
				en,
				Base,
			);
			mainGroup = D7BA4F842DCC4B9700EDE8B7;
			minimizedProjectReferenceProxies = 1;
			preferredProjectObjectVersion = 77;
			productRefGroup = D7BA4F8E2DCC4B9700EDE8B7 /* Products */;
			projectDirPath = "";
			projectRoot = "";
			targets = (
				D7BA4F8C2DCC4B9700EDE8B7 /* Derend */,
				D7BA4F992DCC4B9800EDE8B7 /* DerendTests */,
				D7BA4FA32DCC4B9800EDE8B7 /* DerendUITests */,
			);
		};
/* End PBXProject section */

/* Begin PBXResourcesBuildPhase section */
		D7BA4F8B2DCC4B9700EDE8B7 /* Resources */ = {
			isa = PBXResourcesBuildPhase;
			buildActionMask = 2147483647;
			files = (
			);
			runOnlyForDeploymentPostprocessing = 0;
		};
		D7BA4F982DCC4B9800EDE8B7 /* Resources */ = {
			isa = PBXResourcesBuildPhase;
			buildActionMask = 2147483647;
			files = (
			);
			runOnlyForDeploymentPostprocessing = 0;
		};
		D7BA4FA22DCC4B9800EDE8B7 /* Resources */ = {
			isa = PBXResourcesBuildPhase;
			buildActionMask = 2147483647;
			files = (
			);
			runOnlyForDeploymentPostprocessing = 0;
		};
/* End PBXResourcesBuildPhase section */

/* Begin PBXSourcesBuildPhase section */
		D7BA4F892DCC4B9700EDE8B7 /* Sources */ = {
			isa = PBXSourcesBuildPhase;
			buildActionMask = 2147483647;
			files = (
			);
			runOnlyForDeploymentPostprocessing = 0;
		};
		D7BA4F962DCC4B9800EDE8B7 /* Sources */ = {
			isa = PBXSourcesBuildPhase;
			buildActionMask = 2147483647;
			files = (
			);
			runOnlyForDeploymentPostprocessing = 0;
		};
		D7BA4FA02DCC4B9800EDE8B7 /* Sources */ = {
			isa = PBXSourcesBuildPhase;
			buildActionMask = 2147483647;
			files = (
			);
			runOnlyForDeploymentPostprocessing = 0;
		};
/* End PBXSourcesBuildPhase section */

/* Begin PBXTargetDependency section */
		D7BA4F9C2DCC4B9800EDE8B7 /* PBXTargetDependency */ = {
			isa = PBXTargetDependency;
			target = D7BA4F8C2DCC4B9700EDE8B7 /* Derend */;
			targetProxy = D7BA4F9B2DCC4B9800EDE8B7 /* PBXContainerItemProxy */;
		};
		D7BA4FA62DCC4B9800EDE8B7 /* PBXTargetDependency */ = {
			isa = PBXTargetDependency;
			target = D7BA4F8C2DCC4B9700EDE8B7 /* Derend */;
			targetProxy = D7BA4FA52DCC4B9800EDE8B7 /* PBXContainerItemProxy */;
		};
/* End PBXTargetDependency section */

/* Begin XCBuildConfiguration section */
		D7BA4FAC2DCC4B9800EDE8B7 /* Debug */ = {
			isa = XCBuildConfiguration;
			buildSettings = {
				ALWAYS_SEARCH_USER_PATHS = NO;
				ASSETCATALOG_COMPILER_GENERATE_SWIFT_ASSET_SYMBOL_EXTENSIONS = YES;
				CLANG_ANALYZER_NONNULL = YES;
				CLANG_ANALYZER_NUMBER_OBJECT_CONVERSION = YES_AGGRESSIVE;
				CLANG_CXX_LANGUAGE_STANDARD = "gnu++20";
				CLANG_ENABLE_MODULES = YES;
				CLANG_ENABLE_OBJC_ARC = YES;
				CLANG_ENABLE_OBJC_WEAK = YES;
				CLANG_WARN_BLOCK_CAPTURE_AUTORELEASING = YES;
				CLANG_WARN_BOOL_CONVERSION = YES;
				CLANG_WARN_COMMA = YES;
				CLANG_WARN_CONSTANT_CONVERSION = YES;
				CLANG_WARN_DEPRECATED_OBJC_IMPLEMENTATIONS = YES;
				CLANG_WARN_DIRECT_OBJC_ISA_USAGE = YES_ERROR;
				CLANG_WARN_DOCUMENTATION_COMMENTS = YES;
				CLANG_WARN_EMPTY_BODY = YES;
				CLANG_WARN_ENUM_CONVERSION = YES;
				CLANG_WARN_INFINITE_RECURSION = YES;
				CLANG_WARN_INT_CONVERSION = YES;
				CLANG_WARN_NON_LITERAL_NULL_CONVERSION = YES;
				CLANG_WARN_OBJC_IMPLICIT_RETAIN_SELF = YES;
				CLANG_WARN_OBJC_LITERAL_CONVERSION = YES;
				CLANG_WARN_OBJC_ROOT_CLASS = YES_ERROR;
				CLANG_WARN_QUOTED_INCLUDE_IN_FRAMEWORK_HEADER = YES;
				CLANG_WARN_RANGE_LOOP_ANALYSIS = YES;
				CLANG_WARN_STRICT_PROTOTYPES = YES;
				CLANG_WARN_SUSPICIOUS_MOVE = YES;
				CLANG_WARN_UNGUARDED_AVAILABILITY = YES_AGGRESSIVE;
				CLANG_WARN_UNREACHABLE_CODE = YES;
				CLANG_WARN__DUPLICATE_METHOD_MATCH = YES;
				COPY_PHASE_STRIP = NO;
				DEBUG_INFORMATION_FORMAT = dwarf;
				ENABLE_STRICT_OBJC_MSGSEND = YES;
				ENABLE_TESTABILITY = YES;
				ENABLE_USER_SCRIPT_SANDBOXING = YES;
				GCC_C_LANGUAGE_STANDARD = gnu17;
				GCC_DYNAMIC_NO_PIC = NO;
				GCC_NO_COMMON_BLOCKS = YES;
				GCC_OPTIMIZATION_LEVEL = 0;
				GCC_PREPROCESSOR_DEFINITIONS = (
					"DEBUG=1",
					"$(inherited)",
				);
				GCC_WARN_64_TO_32_BIT_CONVERSION = YES;
				GCC_WARN_ABOUT_RETURN_TYPE = YES_ERROR;
				GCC_WARN_UNDECLARED_SELECTOR = YES;
				GCC_WARN_UNINITIALIZED_AUTOS = YES_AGGRESSIVE;
				GCC_WARN_UNUSED_FUNCTION = YES;
				GCC_WARN_UNUSED_VARIABLE = YES;
				IPHONEOS_DEPLOYMENT_TARGET = 18.4;
				LOCALIZATION_PREFERS_STRING_CATALOGS = YES;
				MTL_ENABLE_DEBUG_INFO = INCLUDE_SOURCE;
				MTL_FAST_MATH = YES;
				ONLY_ACTIVE_ARCH = YES;
				SDKROOT = iphoneos;
				SWIFT_ACTIVE_COMPILATION_CONDITIONS = "DEBUG $(inherited)";
				SWIFT_OPTIMIZATION_LEVEL = "-Onone";
			};
			name = Debug;
		};
		D7BA4FAD2DCC4B9800EDE8B7 /* Release */ = {
			isa = XCBuildConfiguration;
			buildSettings = {
				ALWAYS_SEARCH_USER_PATHS = NO;
				ASSETCATALOG_COMPILER_GENERATE_SWIFT_ASSET_SYMBOL_EXTENSIONS = YES;
				CLANG_ANALYZER_NONNULL = YES;
				CLANG_ANALYZER_NUMBER_OBJECT_CONVERSION = YES_AGGRESSIVE;
				CLANG_CXX_LANGUAGE_STANDARD = "gnu++20";
				CLANG_ENABLE_MODULES = YES;
				CLANG_ENABLE_OBJC_ARC = YES;
				CLANG_ENABLE_OBJC_WEAK = YES;
				CLANG_WARN_BLOCK_CAPTURE_AUTORELEASING = YES;
				CLANG_WARN_BOOL_CONVERSION = YES;
				CLANG_WARN_COMMA = YES;
				CLANG_WARN_CONSTANT_CONVERSION = YES;
				CLANG_WARN_DEPRECATED_OBJC_IMPLEMENTATIONS = YES;
				CLANG_WARN_DIRECT_OBJC_ISA_USAGE = YES_ERROR;
				CLANG_WARN_DOCUMENTATION_COMMENTS = YES;
				CLANG_WARN_EMPTY_BODY = YES;
				CLANG_WARN_ENUM_CONVERSION = YES;
				CLANG_WARN_INFINITE_RECURSION = YES;
				CLANG_WARN_INT_CONVERSION = YES;
				CLANG_WARN_NON_LITERAL_NULL_CONVERSION = YES;
				CLANG_WARN_OBJC_IMPLICIT_RETAIN_SELF = YES;
				CLANG_WARN_OBJC_LITERAL_CONVERSION = YES;
				CLANG_WARN_OBJC_ROOT_CLASS = YES_ERROR;
				CLANG_WARN_QUOTED_INCLUDE_IN_FRAMEWORK_HEADER = YES;
				CLANG_WARN_RANGE_LOOP_ANALYSIS = YES;
				CLANG_WARN_STRICT_PROTOTYPES = YES;
				CLANG_WARN_SUSPICIOUS_MOVE = YES;
				CLANG_WARN_UNGUARDED_AVAILABILITY = YES_AGGRESSIVE;
				CLANG_WARN_UNREACHABLE_CODE = YES;
				CLANG_WARN__DUPLICATE_METHOD_MATCH = YES;
				COPY_PHASE_STRIP = NO;
				DEBUG_INFORMATION_FORMAT = "dwarf-with-dsym";
				ENABLE_NS_ASSERTIONS = NO;
				ENABLE_STRICT_OBJC_MSGSEND = YES;
				ENABLE_USER_SCRIPT_SANDBOXING = YES;
				GCC_C_LANGUAGE_STANDARD = gnu17;
				GCC_NO_COMMON_BLOCKS = YES;
				GCC_WARN_64_TO_32_BIT_CONVERSION = YES;
				GCC_WARN_ABOUT_RETURN_TYPE = YES_ERROR;
				GCC_WARN_UNDECLARED_SELECTOR = YES;
				GCC_WARN_UNINITIALIZED_AUTOS = YES_AGGRESSIVE;
				GCC_WARN_UNUSED_FUNCTION = YES;
				GCC_WARN_UNUSED_VARIABLE = YES;
				IPHONEOS_DEPLOYMENT_TARGET = 18.4;
				LOCALIZATION_PREFERS_STRING_CATALOGS = YES;
				MTL_ENABLE_DEBUG_INFO = NO;
				MTL_FAST_MATH = YES;
				SDKROOT = iphoneos;
				SWIFT_COMPILATION_MODE = wholemodule;
				VALIDATE_PRODUCT = YES;
			};
			name = Release;
		};
		D7BA4FAF2DCC4B9800EDE8B7 /* Debug */ = {
			isa = XCBuildConfiguration;
			buildSettings = {
				ASSETCATALOG_COMPILER_APPICON_NAME = AppIcon;
				ASSETCATALOG_COMPILER_GLOBAL_ACCENT_COLOR_NAME = AccentColor;
				CODE_SIGN_STYLE = Automatic;
				CURRENT_PROJECT_VERSION = 1;
				DEVELOPMENT_TEAM = 2R5536LKCY;
				ENABLE_PREVIEWS = YES;
				GENERATE_INFOPLIST_FILE = YES;
				INFOPLIST_KEY_CFBundleDisplayName = "Derend's World";
				INFOPLIST_KEY_NSAppleMusicUsageDescription = "This app requires Apple Music library access to play music tracks";
				INFOPLIST_KEY_UIApplicationSceneManifest_Generation = YES;
				INFOPLIST_KEY_UIApplicationSupportsIndirectInputEvents = YES;
				INFOPLIST_KEY_UILaunchScreen_Generation = YES;
				INFOPLIST_KEY_UISupportedInterfaceOrientations = UIInterfaceOrientationPortrait;
				LD_RUNPATH_SEARCH_PATHS = (
					"$(inherited)",
					"@executable_path/Frameworks",
				);
				MARKETING_VERSION = 1.0;
				PRODUCT_BUNDLE_IDENTIFIER = name.reginamrt.Derend;
				PRODUCT_NAME = "$(TARGET_NAME)";
				SWIFT_EMIT_LOC_STRINGS = YES;
				SWIFT_VERSION = 5.0;
				TARGETED_DEVICE_FAMILY = "1,2";
			};
			name = Debug;
		};
		D7BA4FB02DCC4B9800EDE8B7 /* Release */ = {
			isa = XCBuildConfiguration;
			buildSettings = {
				ASSETCATALOG_COMPILER_APPICON_NAME = AppIcon;
				ASSETCATALOG_COMPILER_GLOBAL_ACCENT_COLOR_NAME = AccentColor;
				CODE_SIGN_STYLE = Automatic;
				CURRENT_PROJECT_VERSION = 1;
				DEVELOPMENT_TEAM = 2R5536LKCY;
				ENABLE_PREVIEWS = YES;
				GENERATE_INFOPLIST_FILE = YES;
				INFOPLIST_KEY_CFBundleDisplayName = "Derend's World";
				INFOPLIST_KEY_NSAppleMusicUsageDescription = "This app requires Apple Music library access to play music tracks";
				INFOPLIST_KEY_UIApplicationSceneManifest_Generation = YES;
				INFOPLIST_KEY_UIApplicationSupportsIndirectInputEvents = YES;
				INFOPLIST_KEY_UILaunchScreen_Generation = YES;
				INFOPLIST_KEY_UISupportedInterfaceOrientations = UIInterfaceOrientationPortrait;
				LD_RUNPATH_SEARCH_PATHS = (
					"$(inherited)",
					"@executable_path/Frameworks",
				);
				MARKETING_VERSION = 1.0;
				PRODUCT_BUNDLE_IDENTIFIER = name.reginamrt.Derend;
				PRODUCT_NAME = "$(TARGET_NAME)";
				SWIFT_EMIT_LOC_STRINGS = YES;
				SWIFT_VERSION = 5.0;
				TARGETED_DEVICE_FAMILY = "1,2";
			};
			name = Release;
		};
		D7BA4FB22DCC4B9800EDE8B7 /* Debug */ = {
			isa = XCBuildConfiguration;
			buildSettings = {
				BUNDLE_LOADER = "$(TEST_HOST)";
				CODE_SIGN_STYLE = Automatic;
				CURRENT_PROJECT_VERSION = 1;
				GENERATE_INFOPLIST_FILE = YES;
				IPHONEOS_DEPLOYMENT_TARGET = 18.4;
				MARKETING_VERSION = 1.0;
				PRODUCT_BUNDLE_IDENTIFIER = name.reginamrt.DerendTests;
				PRODUCT_NAME = "$(TARGET_NAME)";
				SWIFT_EMIT_LOC_STRINGS = NO;
				SWIFT_VERSION = 5.0;
				TARGETED_DEVICE_FAMILY = "1,2";
				TEST_HOST = "$(BUILT_PRODUCTS_DIR)/Derend.app/$(BUNDLE_EXECUTABLE_FOLDER_PATH)/Derend";
			};
			name = Debug;
		};
		D7BA4FB32DCC4B9800EDE8B7 /* Release */ = {
			isa = XCBuildConfiguration;
			buildSettings = {
				BUNDLE_LOADER = "$(TEST_HOST)";
				CODE_SIGN_STYLE = Automatic;
				CURRENT_PROJECT_VERSION = 1;
				GENERATE_INFOPLIST_FILE = YES;
				IPHONEOS_DEPLOYMENT_TARGET = 18.4;
				MARKETING_VERSION = 1.0;
				PRODUCT_BUNDLE_IDENTIFIER = name.reginamrt.DerendTests;
				PRODUCT_NAME = "$(TARGET_NAME)";
				SWIFT_EMIT_LOC_STRINGS = NO;
				SWIFT_VERSION = 5.0;
				TARGETED_DEVICE_FAMILY = "1,2";
				TEST_HOST = "$(BUILT_PRODUCTS_DIR)/Derend.app/$(BUNDLE_EXECUTABLE_FOLDER_PATH)/Derend";
			};
			name = Release;
		};
		D7BA4FB52DCC4B9800EDE8B7 /* Debug */ = {
			isa = XCBuildConfiguration;
			buildSettings = {
				CODE_SIGN_STYLE = Automatic;
				CURRENT_PROJECT_VERSION = 1;
				GENERATE_INFOPLIST_FILE = YES;
				MARKETING_VERSION = 1.0;
				PRODUCT_BUNDLE_IDENTIFIER = name.reginamrt.DerendUITests;
				PRODUCT_NAME = "$(TARGET_NAME)";
				SWIFT_EMIT_LOC_STRINGS = NO;
				SWIFT_VERSION = 5.0;
				TARGETED_DEVICE_FAMILY = "1,2";
				TEST_TARGET_NAME = Derend;
			};
			name = Debug;
		};
		D7BA4FB62DCC4B9800EDE8B7 /* Release */ = {
			isa = XCBuildConfiguration;
			buildSettings = {
				CODE_SIGN_STYLE = Automatic;
				CURRENT_PROJECT_VERSION = 1;
				GENERATE_INFOPLIST_FILE = YES;
				MARKETING_VERSION = 1.0;
				PRODUCT_BUNDLE_IDENTIFIER = name.reginamrt.DerendUITests;
				PRODUCT_NAME = "$(TARGET_NAME)";
				SWIFT_EMIT_LOC_STRINGS = NO;
				SWIFT_VERSION = 5.0;
				TARGETED_DEVICE_FAMILY = "1,2";
				TEST_TARGET_NAME = Derend;
			};
			name = Release;
		};
/* End XCBuildConfiguration section */

/* Begin XCConfigurationList section */
		D7BA4F882DCC4B9700EDE8B7 /* Build configuration list for PBXProject "Derend" */ = {
			isa = XCConfigurationList;
			buildConfigurations = (
				D7BA4FAC2DCC4B9800EDE8B7 /* Debug */,
				D7BA4FAD2DCC4B9800EDE8B7 /* Release */,
			);
			defaultConfigurationIsVisible = 0;
			defaultConfigurationName = Release;
		};
		D7BA4FAE2DCC4B9800EDE8B7 /* Build configuration list for PBXNativeTarget "Derend" */ = {
			isa = XCConfigurationList;
			buildConfigurations = (
				D7BA4FAF2DCC4B9800EDE8B7 /* Debug */,
				D7BA4FB02DCC4B9800EDE8B7 /* Release */,
			);
			defaultConfigurationIsVisible = 0;
			defaultConfigurationName = Release;
		};
		D7BA4FB12DCC4B9800EDE8B7 /* Build configuration list for PBXNativeTarget "DerendTests" */ = {
			isa = XCConfigurationList;
			buildConfigurations = (
				D7BA4FB22DCC4B9800EDE8B7 /* Debug */,
				D7BA4FB32DCC4B9800EDE8B7 /* Release */,
			);
			defaultConfigurationIsVisible = 0;
			defaultConfigurationName = Release;
		};
		D7BA4FB42DCC4B9800EDE8B7 /* Build configuration list for PBXNativeTarget "DerendUITests" */ = {
			isa = XCConfigurationList;
			buildConfigurations = (
				D7BA4FB52DCC4B9800EDE8B7 /* Debug */,
				D7BA4FB62DCC4B9800EDE8B7 /* Release */,
			);
			defaultConfigurationIsVisible = 0;
			defaultConfigurationName = Release;
		};
/* End XCConfigurationList section */
	};
	rootObject = D7BA4F852DCC4B9700EDE8B7 /* Project object */;
}
